
Microsoft Visual Studio Solution File, Format Version 12.00
# Visual Studio 14
VisualStudioVersion = 14.0.23107.0
MinimumVisualStudioVersion = 10.0.40219.1
Project("{FAE04EC0-301F-11D3-BF4B-00C04F79EFBC}") = "BlueBotBugService", "BlueBotBugService\BlueBotBugService.csproj", "{98E84E5D-BA98-470B-AA07-A5506267FF78}"
	ProjectSection(ProjectDependencies) = postProject
		{6E1D7D0C-67E6-4A32-B6E4-A744A13D93E9} = {6E1D7D0C-67E6-4A32-B6E4-A744A13D93E9}
	EndProjectSection
EndProject
Project("{54435603-DBB4-11D2-8724-00A0C9A8B90C}") = "Setup", "Setup\Setup.vdproj", "{07F56415-F04A-49FE-939C-98E7D66A48C1}"
EndProject
Project("{8BC9CEB8-8B4A-11D0-8D11-00A0C91BC942}") = "ToolsLibraryHelper", "ToolsLibraryHelper\ToolsLibraryHelper.vcxproj", "{6E1D7D0C-67E6-4A32-B6E4-A744A13D93E9}"
EndProject
Global
	GlobalSection(SolutionConfigurationPlatforms) = preSolution
		Debug|Win32 = Debug|Win32
		Release|Win32 = Release|Win32
	EndGlobalSection
	GlobalSection(ProjectConfigurationPlatforms) = postSolution
		{98E84E5D-BA98-470B-AA07-A5506267FF78}.Debug|Win32.ActiveCfg = Debug|Any CPU
		{98E84E5D-BA98-470B-AA07-A5506267FF78}.Debug|Win32.Build.0 = Debug|Any CPU
		{98E84E5D-BA98-470B-AA07-A5506267FF78}.Release|Win32.ActiveCfg = Release|Any CPU
		{98E84E5D-BA98-470B-AA07-A5506267FF78}.Release|Win32.Build.0 = Release|Any CPU
		{07F56415-F04A-49FE-939C-98E7D66A48C1}.Debug|Win32.ActiveCfg = Debug
		{07F56415-F04A-49FE-939C-98E7D66A48C1}.Release|Win32.ActiveCfg = Release
		{07F56415-F04A-49FE-939C-98E7D66A48C1}.Release|Win32.Build.0 = Release
		{6E1D7D0C-67E6-4A32-B6E4-A744A13D93E9}.Debug|Win32.ActiveCfg = Debug|Win32
		{6E1D7D0C-67E6-4A32-B6E4-A744A13D93E9}.Debug|Win32.Build.0 = Debug|Win32
		{6E1D7D0C-67E6-4A32-B6E4-A744A13D93E9}.Release|Win32.ActiveCfg = Release|Win32
		{6E1D7D0C-67E6-4A32-B6E4-A744A13D93E9}.Release|Win32.Build.0 = Release|Win32
	EndGlobalSection
	GlobalSection(SolutionProperties) = preSolution
		HideSolutionNode = FALSE
	EndGlobalSection
EndGlobal
