
Microsoft Visual Studio Solution File, Format Version 12.00
# Visual Studio 14
VisualStudioVersion = 14.0.23107.0
MinimumVisualStudioVersion = 10.0.40219.1
Project("{FAE04EC0-301F-11D3-BF4B-00C04F79EFBC}") = "Managed.Adb", "Managed.AndroidDebugBridge\Managed.Adb.csproj", "{65473257-E70F-410B-9269-D0C0F771EA87}"
EndProject
Project("{FAE04EC0-301F-11D3-BF4B-00C04F79EFBC}") = "MadBee.Console", "MadBee.Console\MadBee.Console.csproj", "{F9A436F4-0606-4326-8607-9EA4D9E6AF18}"
	ProjectSection(ProjectDependencies) = postProject
		{65473257-E70F-410B-9269-D0C0F771EA87} = {65473257-E70F-410B-9269-D0C0F771EA87}
	EndProjectSection
EndProject
Project("{FAE04EC0-301F-11D3-BF4B-00C04F79EFBC}") = "SwerveToolsTray", "SwerveToolsTray\SwerveToolsTray.csproj", "{242946E0-0909-4A66-A585-AAB920333406}"
EndProject
Project("{FAE04EC0-301F-11D3-BF4B-00C04F79EFBC}") = "BotBugService", "BotBugService\BotBugService.csproj", "{98E84E5D-BA98-470B-AA07-A5506267FF78}"
EndProject
Project("{54435603-DBB4-11D2-8724-00A0C9A8B90C}") = "SwerveToolsSetup", "SwerveToolsSetup\SwerveToolsSetup.vdproj", "{6CA0C724-32C0-4E3C-A342-2C826BB4442C}"
EndProject
Global
	GlobalSection(SolutionConfigurationPlatforms) = preSolution
		Debug|Any CPU = Debug|Any CPU
		Release|Any CPU = Release|Any CPU
	EndGlobalSection
	GlobalSection(ProjectConfigurationPlatforms) = postSolution
		{65473257-E70F-410B-9269-D0C0F771EA87}.Debug|Any CPU.ActiveCfg = Debug|Any CPU
		{65473257-E70F-410B-9269-D0C0F771EA87}.Debug|Any CPU.Build.0 = Debug|Any CPU
		{65473257-E70F-410B-9269-D0C0F771EA87}.Release|Any CPU.ActiveCfg = Release|Any CPU
		{65473257-E70F-410B-9269-D0C0F771EA87}.Release|Any CPU.Build.0 = Release|Any CPU
		{F9A436F4-0606-4326-8607-9EA4D9E6AF18}.Debug|Any CPU.ActiveCfg = Debug|Any CPU
		{F9A436F4-0606-4326-8607-9EA4D9E6AF18}.Debug|Any CPU.Build.0 = Debug|Any CPU
		{F9A436F4-0606-4326-8607-9EA4D9E6AF18}.Release|Any CPU.ActiveCfg = Release|Any CPU
		{F9A436F4-0606-4326-8607-9EA4D9E6AF18}.Release|Any CPU.Build.0 = Release|Any CPU
		{242946E0-0909-4A66-A585-AAB920333406}.Debug|Any CPU.ActiveCfg = Debug|Any CPU
		{242946E0-0909-4A66-A585-AAB920333406}.Debug|Any CPU.Build.0 = Debug|Any CPU
		{242946E0-0909-4A66-A585-AAB920333406}.Release|Any CPU.ActiveCfg = Release|Any CPU
		{242946E0-0909-4A66-A585-AAB920333406}.Release|Any CPU.Build.0 = Release|Any CPU
		{98E84E5D-BA98-470B-AA07-A5506267FF78}.Debug|Any CPU.ActiveCfg = Debug|Any CPU
		{98E84E5D-BA98-470B-AA07-A5506267FF78}.Debug|Any CPU.Build.0 = Debug|Any CPU
		{98E84E5D-BA98-470B-AA07-A5506267FF78}.Release|Any CPU.ActiveCfg = Release|Any CPU
		{98E84E5D-BA98-470B-AA07-A5506267FF78}.Release|Any CPU.Build.0 = Release|Any CPU
		{6CA0C724-32C0-4E3C-A342-2C826BB4442C}.Debug|Any CPU.ActiveCfg = Debug
		{6CA0C724-32C0-4E3C-A342-2C826BB4442C}.Release|Any CPU.ActiveCfg = Release
		{6CA0C724-32C0-4E3C-A342-2C826BB4442C}.Release|Any CPU.Build.0 = Release
	EndGlobalSection
	GlobalSection(SolutionProperties) = preSolution
		HideSolutionNode = FALSE
	EndGlobalSection
EndGlobal
